// !$*UTF8*$!
{
	archiveVersion = 1;
	classes = {
	};
	objectVersion = 56;
	objects = {

/* Begin PBXBuildFile section */
		CBF8A23B29A90AD20055C231 /* AppDelegate.swift in Sources */ = {isa = PBXBuildFile; fileRef = CBF8A23A29A90AD20055C231 /* AppDelegate.swift */; };
		CBF8A23D29A90AD20055C231 /* SceneDelegate.swift in Sources */ = {isa = PBXBuildFile; fileRef = CBF8A23C29A90AD20055C231 /* SceneDelegate.swift */; };
		CBF8A23F29A90AD20055C231 /* ViewController.swift in Sources */ = {isa = PBXBuildFile; fileRef = CBF8A23E29A90AD20055C231 /* ViewController.swift */; };
		CBF8A24229A90AD20055C231 /* Main.storyboard in Resources */ = {isa = PBXBuildFile; fileRef = CBF8A24029A90AD20055C231 /* Main.storyboard */; };
		CBF8A24429A90AD30055C231 /* Assets.xcassets in Resources */ = {isa = PBXBuildFile; fileRef = CBF8A24329A90AD30055C231 /* Assets.xcassets */; };
		CBF8A24729A90AD30055C231 /* LaunchScreen.storyboard in Resources */ = {isa = PBXBuildFile; fileRef = CBF8A24529A90AD30055C231 /* LaunchScreen.storyboard */; };
		CBF8A25229A90AD30055C231 /* TextFieldTests.swift in Sources */ = {isa = PBXBuildFile; fileRef = CBF8A25129A90AD30055C231 /* TextFieldTests.swift */; };
		CBF8A25C29A90AD30055C231 /* TextFieldUITests.swift in Sources */ = {isa = PBXBuildFile; fileRef = CBF8A25B29A90AD30055C231 /* TextFieldUITests.swift */; };
		CBF8A25E29A90AD30055C231 /* TextFieldUITestsLaunchTests.swift in Sources */ = {isa = PBXBuildFile; fileRef = CBF8A25D29A90AD30055C231 /* TextFieldUITestsLaunchTests.swift */; };
/* End PBXBuildFile section */

/* Begin PBXContainerItemProxy section */
		CBF8A24E29A90AD30055C231 /* PBXContainerItemProxy */ = {
			isa = PBXContainerItemProxy;
			containerPortal = CBF8A22F29A90AD20055C231 /* Project object */;
			proxyType = 1;
			remoteGlobalIDString = CBF8A23629A90AD20055C231;
			remoteInfo = TextField;
		};
		CBF8A25829A90AD30055C231 /* PBXContainerItemProxy */ = {
			isa = PBXContainerItemProxy;
			containerPortal = CBF8A22F29A90AD20055C231 /* Project object */;
			proxyType = 1;
			remoteGlobalIDString = CBF8A23629A90AD20055C231;
			remoteInfo = TextField;
		};
/* End PBXContainerItemProxy section */

/* Begin PBXFileReference section */
		CBF8A23729A90AD20055C231 /* TextField.app */ = {isa = PBXFileReference; explicitFileType = wrapper.application; includeInIndex = 0; path = TextField.app; sourceTree = BUILT_PRODUCTS_DIR; };
		CBF8A23A29A90AD20055C231 /* AppDelegate.swift */ = {isa = PBXFileReference; lastKnownFileType = sourcecode.swift; path = AppDelegate.swift; sourceTree = "<group>"; };
		CBF8A23C29A90AD20055C231 /* SceneDelegate.swift */ = {isa = PBXFileReference; lastKnownFileType = sourcecode.swift; path = SceneDelegate.swift; sourceTree = "<group>"; };
		CBF8A23E29A90AD20055C231 /* ViewController.swift */ = {isa = PBXFileReference; lastKnownFileType = sourcecode.swift; path = ViewController.swift; sourceTree = "<group>"; };
		CBF8A24129A90AD20055C231 /* Base */ = {isa = PBXFileReference; lastKnownFileType = file.storyboard; name = Base; path = Base.lproj/Main.storyboard; sourceTree = "<group>"; };
		CBF8A24329A90AD30055C231 /* Assets.xcassets */ = {isa = PBXFileReference; lastKnownFileType = folder.assetcatalog; path = Assets.xcassets; sourceTree = "<group>"; };
		CBF8A24629A90AD30055C231 /* Base */ = {isa = PBXFileReference; lastKnownFileType = file.storyboard; name = Base; path = Base.lproj/LaunchScreen.storyboard; sourceTree = "<group>"; };
		CBF8A24829A90AD30055C231 /* Info.plist */ = {isa = PBXFileReference; lastKnownFileType = text.plist.xml; path = Info.plist; sourceTree = "<group>"; };
		CBF8A24D29A90AD30055C231 /* TextFieldTests.xctest */ = {isa = PBXFileReference; explicitFileType = wrapper.cfbundle; includeInIndex = 0; path = TextFieldTests.xctest; sourceTree = BUILT_PRODUCTS_DIR; };
		CBF8A25129A90AD30055C231 /* TextFieldTests.swift */ = {isa = PBXFileReference; lastKnownFileType = sourcecode.swift; path = TextFieldTests.swift; sourceTree = "<group>"; };
		CBF8A25729A90AD30055C231 /* TextFieldUITests.xctest */ = {isa = PBXFileReference; explicitFileType = wrapper.cfbundle; includeInIndex = 0; path = TextFieldUITests.xctest; sourceTree = BUILT_PRODUCTS_DIR; };
		CBF8A25B29A90AD30055C231 /* TextFieldUITests.swift */ = {isa = PBXFileReference; lastKnownFileType = sourcecode.swift; path = TextFieldUITests.swift; sourceTree = "<group>"; };
		CBF8A25D29A90AD30055C231 /* TextFieldUITestsLaunchTests.swift */ = {isa = PBXFileReference; lastKnownFileType = sourcecode.swift; path = TextFieldUITestsLaunchTests.swift; sourceTree = "<group>"; };
/* End PBXFileReference section */

/* Begin PBXFrameworksBuildPhase section */
		CBF8A23429A90AD20055C231 /* Frameworks */ = {
			isa = PBXFrameworksBuildPhase;
			buildActionMask = 2147483647;
			files = (
			);
			runOnlyForDeploymentPostprocessing = 0;
		};
		CBF8A24A29A90AD30055C231 /* Frameworks */ = {
			isa = PBXFrameworksBuildPhase;
			buildActionMask = 2147483647;
			files = (
			);
			runOnlyForDeploymentPostprocessing = 0;
		};
		CBF8A25429A90AD30055C231 /* Frameworks */ = {
			isa = PBXFrameworksBuildPhase;
			buildActionMask = 2147483647;
			files = (
			);
			runOnlyForDeploymentPostprocessing = 0;
		};
/* End PBXFrameworksBuildPhase section */

/* Begin PBXGroup section */
		CBF8A22E29A90AD20055C231 = {
			isa = PBXGroup;
			children = (
				CBF8A23929A90AD20055C231 /* TextField */,
				CBF8A25029A90AD30055C231 /* TextFieldTests */,
				CBF8A25A29A90AD30055C231 /* TextFieldUITests */,
				CBF8A23829A90AD20055C231 /* Products */,
			);
			sourceTree = "<group>";
		};
		CBF8A23829A90AD20055C231 /* Products */ = {
			isa = PBXGroup;
			children = (
				CBF8A23729A90AD20055C231 /* TextField.app */,
				CBF8A24D29A90AD30055C231 /* TextFieldTests.xctest */,
				CBF8A25729A90AD30055C231 /* TextFieldUITests.xctest */,
			);
			name = Products;
			sourceTree = "<group>";
		};
		CBF8A23929A90AD20055C231 /* TextField */ = {
			isa = PBXGroup;
			children = (
				CBF8A23A29A90AD20055C231 /* AppDelegate.swift */,
				CBF8A23C29A90AD20055C231 /* SceneDelegate.swift */,
				CBF8A23E29A90AD20055C231 /* ViewController.swift */,
				CBF8A24029A90AD20055C231 /* Main.storyboard */,
				CBF8A24329A90AD30055C231 /* Assets.xcassets */,
				CBF8A24529A90AD30055C231 /* LaunchScreen.storyboard */,
				CBF8A24829A90AD30055C231 /* Info.plist */,
			);
			path = TextField;
			sourceTree = "<group>";
		};
		CBF8A25029A90AD30055C231 /* TextFieldTests */ = {
			isa = PBXGroup;
			children = (
				CBF8A25129A90AD30055C231 /* TextFieldTests.swift */,
			);
			path = TextFieldTests;
			sourceTree = "<group>";
		};
		CBF8A25A29A90AD30055C231 /* TextFieldUITests */ = {
			isa = PBXGroup;
			children = (
				CBF8A25B29A90AD30055C231 /* TextFieldUITests.swift */,
				CBF8A25D29A90AD30055C231 /* TextFieldUITestsLaunchTests.swift */,
			);
			path = TextFieldUITests;
			sourceTree = "<group>";
		};
/* End PBXGroup section */

/* Begin PBXNativeTarget section */
		CBF8A23629A90AD20055C231 /* TextField */ = {
			isa = PBXNativeTarget;
			buildConfigurationList = CBF8A26129A90AD30055C231 /* Build configuration list for PBXNativeTarget "TextField" */;
			buildPhases = (
				CBF8A23329A90AD20055C231 /* Sources */,
				CBF8A23429A90AD20055C231 /* Frameworks */,
				CBF8A23529A90AD20055C231 /* Resources */,
			);
			buildRules = (
			);
			dependencies = (
			);
			name = TextField;
			productName = TextField;
			productReference = CBF8A23729A90AD20055C231 /* TextField.app */;
			productType = "com.apple.product-type.application";
		};
		CBF8A24C29A90AD30055C231 /* TextFieldTests */ = {
			isa = PBXNativeTarget;
			buildConfigurationList = CBF8A26429A90AD30055C231 /* Build configuration list for PBXNativeTarget "TextFieldTests" */;
			buildPhases = (
				CBF8A24929A90AD30055C231 /* Sources */,
				CBF8A24A29A90AD30055C231 /* Frameworks */,
				CBF8A24B29A90AD30055C231 /* Resources */,
			);
			buildRules = (
			);
			dependencies = (
				CBF8A24F29A90AD30055C231 /* PBXTargetDependency */,
			);
			name = TextFieldTests;
			productName = TextFieldTests;
			productReference = CBF8A24D29A90AD30055C231 /* TextFieldTests.xctest */;
			productType = "com.apple.product-type.bundle.unit-test";
		};
		CBF8A25629A90AD30055C231 /* TextFieldUITests */ = {
			isa = PBXNativeTarget;
			buildConfigurationList = CBF8A26729A90AD30055C231 /* Build configuration list for PBXNativeTarget "TextFieldUITests" */;
			buildPhases = (
				CBF8A25329A90AD30055C231 /* Sources */,
				CBF8A25429A90AD30055C231 /* Frameworks */,
				CBF8A25529A90AD30055C231 /* Resources */,
			);
			buildRules = (
			);
			dependencies = (
				CBF8A25929A90AD30055C231 /* PBXTargetDependency */,
			);
			name = TextFieldUITests;
			productName = TextFieldUITests;
			productReference = CBF8A25729A90AD30055C231 /* TextFieldUITests.xctest */;
			productType = "com.apple.product-type.bundle.ui-testing";
		};
/* End PBXNativeTarget section */

/* Begin PBXProject section */
		CBF8A22F29A90AD20055C231 /* Project object */ = {
			isa = PBXProject;
			attributes = {
				BuildIndependentTargetsInParallel = 1;
				LastSwiftUpdateCheck = 1420;
				LastUpgradeCheck = 1420;
				TargetAttributes = {
					CBF8A23629A90AD20055C231 = {
						CreatedOnToolsVersion = 14.2;
					};
					CBF8A24C29A90AD30055C231 = {
						CreatedOnToolsVersion = 14.2;
						TestTargetID = CBF8A23629A90AD20055C231;
					};
					CBF8A25629A90AD30055C231 = {
						CreatedOnToolsVersion = 14.2;
						TestTargetID = CBF8A23629A90AD20055C231;
					};
				};
			};
			buildConfigurationList = CBF8A23229A90AD20055C231 /* Build configuration list for PBXProject "TextField" */;
			compatibilityVersion = "Xcode 14.0";
			developmentRegion = en;
			hasScannedForEncodings = 0;
			knownRegions = (
				en,
				Base,
			);
			mainGroup = CBF8A22E29A90AD20055C231;
			productRefGroup = CBF8A23829A90AD20055C231 /* Products */;
			projectDirPath = "";
			projectRoot = "";
			targets = (
				CBF8A23629A90AD20055C231 /* TextField */,
				CBF8A24C29A90AD30055C231 /* TextFieldTests */,
				CBF8A25629A90AD30055C231 /* TextFieldUITests */,
			);
		};
/* End PBXProject section */

/* Begin PBXResourcesBuildPhase section */
		CBF8A23529A90AD20055C231 /* Resources */ = {
			isa = PBXResourcesBuildPhase;
			buildActionMask = 2147483647;
			files = (
				CBF8A24729A90AD30055C231 /* LaunchScreen.storyboard in Resources */,
				CBF8A24429A90AD30055C231 /* Assets.xcassets in Resources */,
				CBF8A24229A90AD20055C231 /* Main.storyboard in Resources */,
			);
			runOnlyForDeploymentPostprocessing = 0;
		};
		CBF8A24B29A90AD30055C231 /* Resources */ = {
			isa = PBXResourcesBuildPhase;
			buildActionMask = 2147483647;
			files = (
			);
			runOnlyForDeploymentPostprocessing = 0;
		};
		CBF8A25529A90AD30055C231 /* Resources */ = {
			isa = PBXResourcesBuildPhase;
			buildActionMask = 2147483647;
			files = (
			);
			runOnlyForDeploymentPostprocessing = 0;
		};
/* End PBXResourcesBuildPhase section */

/* Begin PBXSourcesBuildPhase section */
		CBF8A23329A90AD20055C231 /* Sources */ = {
			isa = PBXSourcesBuildPhase;
			buildActionMask = 2147483647;
			files = (
				CBF8A23F29A90AD20055C231 /* ViewController.swift in Sources */,
				CBF8A23B29A90AD20055C231 /* AppDelegate.swift in Sources */,
				CBF8A23D29A90AD20055C231 /* SceneDelegate.swift in Sources */,
			);
			runOnlyForDeploymentPostprocessing = 0;
		};
		CBF8A24929A90AD30055C231 /* Sources */ = {
			isa = PBXSourcesBuildPhase;
			buildActionMask = 2147483647;
			files = (
				CBF8A25229A90AD30055C231 /* TextFieldTests.swift in Sources */,
			);
			runOnlyForDeploymentPostprocessing = 0;
		};
		CBF8A25329A90AD30055C231 /* Sources */ = {
			isa = PBXSourcesBuildPhase;
			buildActionMask = 2147483647;
			files = (
				CBF8A25E29A90AD30055C231 /* TextFieldUITestsLaunchTests.swift in Sources */,
				CBF8A25C29A90AD30055C231 /* TextFieldUITests.swift in Sources */,
			);
			runOnlyForDeploymentPostprocessing = 0;
		};
/* End PBXSourcesBuildPhase section */

/* Begin PBXTargetDependency section */
		CBF8A24F29A90AD30055C231 /* PBXTargetDependency */ = {
			isa = PBXTargetDependency;
			target = CBF8A23629A90AD20055C231 /* TextField */;
			targetProxy = CBF8A24E29A90AD30055C231 /* PBXContainerItemProxy */;
		};
		CBF8A25929A90AD30055C231 /* PBXTargetDependency */ = {
			isa = PBXTargetDependency;
			target = CBF8A23629A90AD20055C231 /* TextField */;
			targetProxy = CBF8A25829A90AD30055C231 /* PBXContainerItemProxy */;
		};
/* End PBXTargetDependency section */

/* Begin PBXVariantGroup section */
		CBF8A24029A90AD20055C231 /* Main.storyboard */ = {
			isa = PBXVariantGroup;
			children = (
				CBF8A24129A90AD20055C231 /* Base */,
			);
			name = Main.storyboard;
			sourceTree = "<group>";
		};
		CBF8A24529A90AD30055C231 /* LaunchScreen.storyboard */ = {
			isa = PBXVariantGroup;
			children = (
				CBF8A24629A90AD30055C231 /* Base */,
			);
			name = LaunchScreen.storyboard;
			sourceTree = "<group>";
		};
/* End PBXVariantGroup section */

/* Begin XCBuildConfiguration section */
		CBF8A25F29A90AD30055C231 /* Debug */ = {
			isa = XCBuildConfiguration;
			buildSettings = {
				ALWAYS_SEARCH_USER_PATHS = NO;
				CLANG_ANALYZER_NONNULL = YES;
				CLANG_ANALYZER_NUMBER_OBJECT_CONVERSION = YES_AGGRESSIVE;
				CLANG_CXX_LANGUAGE_STANDARD = "gnu++20";
				CLANG_ENABLE_MODULES = YES;
				CLANG_ENABLE_OBJC_ARC = YES;
				CLANG_ENABLE_OBJC_WEAK = YES;
				CLANG_WARN_BLOCK_CAPTURE_AUTORELEASING = YES;
				CLANG_WARN_BOOL_CONVERSION = YES;
				CLANG_WARN_COMMA = YES;
				CLANG_WARN_CONSTANT_CONVERSION = YES;
				CLANG_WARN_DEPRECATED_OBJC_IMPLEMENTATIONS = YES;
				CLANG_WARN_DIRECT_OBJC_ISA_USAGE = YES_ERROR;
				CLANG_WARN_DOCUMENTATION_COMMENTS = YES;
				CLANG_WARN_EMPTY_BODY = YES;
				CLANG_WARN_ENUM_CONVERSION = YES;
				CLANG_WARN_INFINITE_RECURSION = YES;
				CLANG_WARN_INT_CONVERSION = YES;
				CLANG_WARN_NON_LITERAL_NULL_CONVERSION = YES;
				CLANG_WARN_OBJC_IMPLICIT_RETAIN_SELF = YES;
				CLANG_WARN_OBJC_LITERAL_CONVERSION = YES;
				CLANG_WARN_OBJC_ROOT_CLASS = YES_ERROR;
				CLANG_WARN_QUOTED_INCLUDE_IN_FRAMEWORK_HEADER = YES;
				CLANG_WARN_RANGE_LOOP_ANALYSIS = YES;
				CLANG_WARN_STRICT_PROTOTYPES = YES;
				CLANG_WARN_SUSPICIOUS_MOVE = YES;
				CLANG_WARN_UNGUARDED_AVAILABILITY = YES_AGGRESSIVE;
				CLANG_WARN_UNREACHABLE_CODE = YES;
				CLANG_WARN__DUPLICATE_METHOD_MATCH = YES;
				COPY_PHASE_STRIP = NO;
				DEBUG_INFORMATION_FORMAT = dwarf;
				ENABLE_STRICT_OBJC_MSGSEND = YES;
				ENABLE_TESTABILITY = YES;
				GCC_C_LANGUAGE_STANDARD = gnu11;
				GCC_DYNAMIC_NO_PIC = NO;
				GCC_NO_COMMON_BLOCKS = YES;
				GCC_OPTIMIZATION_LEVEL = 0;
				GCC_PREPROCESSOR_DEFINITIONS = (
					"DEBUG=1",
					"$(inherited)",
				);
				GCC_WARN_64_TO_32_BIT_CONVERSION = YES;
				GCC_WARN_ABOUT_RETURN_TYPE = YES_ERROR;
				GCC_WARN_UNDECLARED_SELECTOR = YES;
				GCC_WARN_UNINITIALIZED_AUTOS = YES_AGGRESSIVE;
				GCC_WARN_UNUSED_FUNCTION = YES;
				GCC_WARN_UNUSED_VARIABLE = YES;
				IPHONEOS_DEPLOYMENT_TARGET = 16.2;
				MTL_ENABLE_DEBUG_INFO = INCLUDE_SOURCE;
				MTL_FAST_MATH = YES;
				ONLY_ACTIVE_ARCH = YES;
				SDKROOT = iphoneos;
				SWIFT_ACTIVE_COMPILATION_CONDITIONS = DEBUG;
				SWIFT_OPTIMIZATION_LEVEL = "-Onone";
			};
			name = Debug;
		};
		CBF8A26029A90AD30055C231 /* Release */ = {
			isa = XCBuildConfiguration;
			buildSettings = {
				ALWAYS_SEARCH_USER_PATHS = NO;
				CLANG_ANALYZER_NONNULL = YES;
				CLANG_ANALYZER_NUMBER_OBJECT_CONVERSION = YES_AGGRESSIVE;
				CLANG_CXX_LANGUAGE_STANDARD = "gnu++20";
				CLANG_ENABLE_MODULES = YES;
				CLANG_ENABLE_OBJC_ARC = YES;
				CLANG_ENABLE_OBJC_WEAK = YES;
				CLANG_WARN_BLOCK_CAPTURE_AUTORELEASING = YES;
				CLANG_WARN_BOOL_CONVERSION = YES;
				CLANG_WARN_COMMA = YES;
				CLANG_WARN_CONSTANT_CONVERSION = YES;
				CLANG_WARN_DEPRECATED_OBJC_IMPLEMENTATIONS = YES;
				CLANG_WARN_DIRECT_OBJC_ISA_USAGE = YES_ERROR;
				CLANG_WARN_DOCUMENTATION_COMMENTS = YES;
				CLANG_WARN_EMPTY_BODY = YES;
				CLANG_WARN_ENUM_CONVERSION = YES;
				CLANG_WARN_INFINITE_RECURSION = YES;
				CLANG_WARN_INT_CONVERSION = YES;
				CLANG_WARN_NON_LITERAL_NULL_CONVERSION = YES;
				CLANG_WARN_OBJC_IMPLICIT_RETAIN_SELF = YES;
				CLANG_WARN_OBJC_LITERAL_CONVERSION = YES;
				CLANG_WARN_OBJC_ROOT_CLASS = YES_ERROR;
				CLANG_WARN_QUOTED_INCLUDE_IN_FRAMEWORK_HEADER = YES;
				CLANG_WARN_RANGE_LOOP_ANALYSIS = YES;
				CLANG_WARN_STRICT_PROTOTYPES = YES;
				CLANG_WARN_SUSPICIOUS_MOVE = YES;
				CLANG_WARN_UNGUARDED_AVAILABILITY = YES_AGGRESSIVE;
				CLANG_WARN_UNREACHABLE_CODE = YES;
				CLANG_WARN__DUPLICATE_METHOD_MATCH = YES;
				COPY_PHASE_STRIP = NO;
				DEBUG_INFORMATION_FORMAT = "dwarf-with-dsym";
				ENABLE_NS_ASSERTIONS = NO;
				ENABLE_STRICT_OBJC_MSGSEND = YES;
				GCC_C_LANGUAGE_STANDARD = gnu11;
				GCC_NO_COMMON_BLOCKS = YES;
				GCC_WARN_64_TO_32_BIT_CONVERSION = YES;
				GCC_WARN_ABOUT_RETURN_TYPE = YES_ERROR;
				GCC_WARN_UNDECLARED_SELECTOR = YES;
				GCC_WARN_UNINITIALIZED_AUTOS = YES_AGGRESSIVE;
				GCC_WARN_UNUSED_FUNCTION = YES;
				GCC_WARN_UNUSED_VARIABLE = YES;
				IPHONEOS_DEPLOYMENT_TARGET = 16.2;
				MTL_ENABLE_DEBUG_INFO = NO;
				MTL_FAST_MATH = YES;
				SDKROOT = iphoneos;
				SWIFT_COMPILATION_MODE = wholemodule;
				SWIFT_OPTIMIZATION_LEVEL = "-O";
				VALIDATE_PRODUCT = YES;
			};
			name = Release;
		};
		CBF8A26229A90AD30055C231 /* Debug */ = {
			isa = XCBuildConfiguration;
			buildSettings = {
				ASSETCATALOG_COMPILER_APPICON_NAME = AppIcon;
				ASSETCATALOG_COMPILER_GLOBAL_ACCENT_COLOR_NAME = AccentColor;
				CODE_SIGN_STYLE = Automatic;
				CURRENT_PROJECT_VERSION = 1;
				GENERATE_INFOPLIST_FILE = YES;
				INFOPLIST_FILE = TextField/Info.plist;
				INFOPLIST_KEY_UIApplicationSupportsIndirectInputEvents = YES;
				INFOPLIST_KEY_UILaunchStoryboardName = LaunchScreen;
				INFOPLIST_KEY_UIMainStoryboardFile = Main;
				INFOPLIST_KEY_UISupportedInterfaceOrientations_iPad = "UIInterfaceOrientationPortrait UIInterfaceOrientationPortraitUpsideDown UIInterfaceOrientationLandscapeLeft UIInterfaceOrientationLandscapeRight";
				INFOPLIST_KEY_UISupportedInterfaceOrientations_iPhone = "UIInterfaceOrientationPortrait UIInterfaceOrientationLandscapeLeft UIInterfaceOrientationLandscapeRight";
				LD_RUNPATH_SEARCH_PATHS = (
					"$(inherited)",
					"@executable_path/Frameworks",
				);
				MARKETING_VERSION = 1.0;
				PRODUCT_BUNDLE_IDENTIFIER = ChatboxGPT.TextField;
				PRODUCT_NAME = "$(TARGET_NAME)";
				SWIFT_EMIT_LOC_STRINGS = YES;
				SWIFT_VERSION = 5.0;
				TARGETED_DEVICE_FAMILY = "1,2";
			};
			name = Debug;
		};
		CBF8A26329A90AD30055C231 /* Release */ = {
			isa = XCBuildConfiguration;
			buildSettings = {
				ASSETCATALOG_COMPILER_APPICON_NAME = AppIcon;
				ASSETCATALOG_COMPILER_GLOBAL_ACCENT_COLOR_NAME = AccentColor;
				CODE_SIGN_STYLE = Automatic;
				CURRENT_PROJECT_VERSION = 1;
				GENERATE_INFOPLIST_FILE = YES;
				INFOPLIST_FILE = TextField/Info.plist;
				INFOPLIST_KEY_UIApplicationSupportsIndirectInputEvents = YES;
				INFOPLIST_KEY_UILaunchStoryboardName = LaunchScreen;
				INFOPLIST_KEY_UIMainStoryboardFile = Main;
				INFOPLIST_KEY_UISupportedInterfaceOrientations_iPad = "UIInterfaceOrientationPortrait UIInterfaceOrientationPortraitUpsideDown UIInterfaceOrientationLandscapeLeft UIInterfaceOrientationLandscapeRight";
				INFOPLIST_KEY_UISupportedInterfaceOrientations_iPhone = "UIInterfaceOrientationPortrait UIInterfaceOrientationLandscapeLeft UIInterfaceOrientationLandscapeRight";
				LD_RUNPATH_SEARCH_PATHS = (
					"$(inherited)",
					"@executable_path/Frameworks",
				);
				MARKETING_VERSION = 1.0;
				PRODUCT_BUNDLE_IDENTIFIER = ChatboxGPT.TextField;
				PRODUCT_NAME = "$(TARGET_NAME)";
				SWIFT_EMIT_LOC_STRINGS = YES;
				SWIFT_VERSION = 5.0;
				TARGETED_DEVICE_FAMILY = "1,2";
			};
			name = Release;
		};
		CBF8A26529A90AD30055C231 /* Debug */ = {
			isa = XCBuildConfiguration;
			buildSettings = {
				ALWAYS_EMBED_SWIFT_STANDARD_LIBRARIES = YES;
				BUNDLE_LOADER = "$(TEST_HOST)";
				CODE_SIGN_STYLE = Automatic;
				CURRENT_PROJECT_VERSION = 1;
				GENERATE_INFOPLIST_FILE = YES;
				IPHONEOS_DEPLOYMENT_TARGET = 16.2;
				MARKETING_VERSION = 1.0;
				PRODUCT_BUNDLE_IDENTIFIER = ChatboxGPT.TextFieldTests;
				PRODUCT_NAME = "$(TARGET_NAME)";
				SWIFT_EMIT_LOC_STRINGS = NO;
				SWIFT_VERSION = 5.0;
				TARGETED_DEVICE_FAMILY = "1,2";
				TEST_HOST = "$(BUILT_PRODUCTS_DIR)/TextField.app/$(BUNDLE_EXECUTABLE_FOLDER_PATH)/TextField";
			};
			name = Debug;
		};
		CBF8A26629A90AD30055C231 /* Release */ = {
			isa = XCBuildConfiguration;
			buildSettings = {
				ALWAYS_EMBED_SWIFT_STANDARD_LIBRARIES = YES;
				BUNDLE_LOADER = "$(TEST_HOST)";
				CODE_SIGN_STYLE = Automatic;
				CURRENT_PROJECT_VERSION = 1;
				GENERATE_INFOPLIST_FILE = YES;
				IPHONEOS_DEPLOYMENT_TARGET = 16.2;
				MARKETING_VERSION = 1.0;
				PRODUCT_BUNDLE_IDENTIFIER = ChatboxGPT.TextFieldTests;
				PRODUCT_NAME = "$(TARGET_NAME)";
				SWIFT_EMIT_LOC_STRINGS = NO;
				SWIFT_VERSION = 5.0;
				TARGETED_DEVICE_FAMILY = "1,2";
				TEST_HOST = "$(BUILT_PRODUCTS_DIR)/TextField.app/$(BUNDLE_EXECUTABLE_FOLDER_PATH)/TextField";
			};
			name = Release;
		};
		CBF8A26829A90AD30055C231 /* Debug */ = {
			isa = XCBuildConfiguration;
			buildSettings = {
				ALWAYS_EMBED_SWIFT_STANDARD_LIBRARIES = YES;
				CODE_SIGN_STYLE = Automatic;
				CURRENT_PROJECT_VERSION = 1;
				GENERATE_INFOPLIST_FILE = YES;
				MARKETING_VERSION = 1.0;
				PRODUCT_BUNDLE_IDENTIFIER = ChatboxGPT.TextFieldUITests;
				PRODUCT_NAME = "$(TARGET_NAME)";
				SWIFT_EMIT_LOC_STRINGS = NO;
				SWIFT_VERSION = 5.0;
				TARGETED_DEVICE_FAMILY = "1,2";
				TEST_TARGET_NAME = TextField;
			};
			name = Debug;
		};
		CBF8A26929A90AD30055C231 /* Release */ = {
			isa = XCBuildConfiguration;
			buildSettings = {
				ALWAYS_EMBED_SWIFT_STANDARD_LIBRARIES = YES;
				CODE_SIGN_STYLE = Automatic;
				CURRENT_PROJECT_VERSION = 1;
				GENERATE_INFOPLIST_FILE = YES;
				MARKETING_VERSION = 1.0;
				PRODUCT_BUNDLE_IDENTIFIER = ChatboxGPT.TextFieldUITests;
				PRODUCT_NAME = "$(TARGET_NAME)";
				SWIFT_EMIT_LOC_STRINGS = NO;
				SWIFT_VERSION = 5.0;
				TARGETED_DEVICE_FAMILY = "1,2";
				TEST_TARGET_NAME = TextField;
			};
			name = Release;
		};
/* End XCBuildConfiguration section */

/* Begin XCConfigurationList section */
		CBF8A23229A90AD20055C231 /* Build configuration list for PBXProject "TextField" */ = {
			isa = XCConfigurationList;
			buildConfigurations = (
				CBF8A25F29A90AD30055C231 /* Debug */,
				CBF8A26029A90AD30055C231 /* Release */,
			);
			defaultConfigurationIsVisible = 0;
			defaultConfigurationName = Release;
		};
		CBF8A26129A90AD30055C231 /* Build configuration list for PBXNativeTarget "TextField" */ = {
			isa = XCConfigurationList;
			buildConfigurations = (
				CBF8A26229A90AD30055C231 /* Debug */,
				CBF8A26329A90AD30055C231 /* Release */,
			);
			defaultConfigurationIsVisible = 0;
			defaultConfigurationName = Release;
		};
		CBF8A26429A90AD30055C231 /* Build configuration list for PBXNativeTarget "TextFieldTests" */ = {
			isa = XCConfigurationList;
			buildConfigurations = (
				CBF8A26529A90AD30055C231 /* Debug */,
				CBF8A26629A90AD30055C231 /* Release */,
			);
			defaultConfigurationIsVisible = 0;
			defaultConfigurationName = Release;
		};
		CBF8A26729A90AD30055C231 /* Build configuration list for PBXNativeTarget "TextFieldUITests" */ = {
			isa = XCConfigurationList;
			buildConfigurations = (
				CBF8A26829A90AD30055C231 /* Debug */,
				CBF8A26929A90AD30055C231 /* Release */,
			);
			defaultConfigurationIsVisible = 0;
			defaultConfigurationName = Release;
		};
/* End XCConfigurationList section */
	};
	rootObject = CBF8A22F29A90AD20055C231 /* Project object */;
}
